// !$*UTF8*$!
{
	archiveVersion = 1;
	classes = {
	};
	objectVersion = 50;
	objects = {

/* Begin PBXBuildFile section */
		A465B980E93493B4D14A6311 /* libPods-ProjectBModule.a in Frameworks */ = {isa = PBXBuildFile; fileRef = E5C275078A1715DC2B94B4E5 /* libPods-ProjectBModule.a */; };
		FDDFAF7425F7883E00D8A8E0 /* ProjectBModule.framework in Frameworks */ = {isa = PBXBuildFile; fileRef = FDDFAF6A25F7883E00D8A8E0 /* ProjectBModule.framework */; };
		FDDFAF7B25F7883E00D8A8E0 /* ProjectBModule.h in Headers */ = {isa = PBXBuildFile; fileRef = FDDFAF6D25F7883E00D8A8E0 /* ProjectBModule.h */; settings = {ATTRIBUTES = (Public, ); }; };
		FDDFAF8E25F7887500D8A8E0 /* ViewController.swift in Sources */ = {isa = PBXBuildFile; fileRef = FDDFAF8D25F7887500D8A8E0 /* ViewController.swift */; };
		FDDFAF9225F7888100D8A8E0 /* Master.storyboard in Resources */ = {isa = PBXBuildFile; fileRef = FDDFAF9125F7888100D8A8E0 /* Master.storyboard */; };
		FDDFAF9625F788BF00D8A8E0 /* ProjectBModuleDelegate.swift in Sources */ = {isa = PBXBuildFile; fileRef = FDDFAF9525F788BF00D8A8E0 /* ProjectBModuleDelegate.swift */; };
		FDDFAFB025F78AE800D8A8E0 /* ProjectBModuleConnector.swift in Sources */ = {isa = PBXBuildFile; fileRef = FDDFAFAF25F78AE800D8A8E0 /* ProjectBModuleConnector.swift */; };
/* End PBXBuildFile section */

/* Begin PBXContainerItemProxy section */
		FDDFAF7525F7883E00D8A8E0 /* PBXContainerItemProxy */ = {
			isa = PBXContainerItemProxy;
			containerPortal = FDDFAF6125F7883E00D8A8E0 /* Project object */;
			proxyType = 1;
			remoteGlobalIDString = FDDFAF6925F7883E00D8A8E0;
			remoteInfo = ProjectBModule;
		};
/* End PBXContainerItemProxy section */

/* Begin PBXFileReference section */
		44F85124EF538B58C23FC84A /* Pods-ProjectBModule.debug.xcconfig */ = {isa = PBXFileReference; includeInIndex = 1; lastKnownFileType = text.xcconfig; name = "Pods-ProjectBModule.debug.xcconfig"; path = "Target Support Files/Pods-ProjectBModule/Pods-ProjectBModule.debug.xcconfig"; sourceTree = "<group>"; };
		CA90B96E3FB6E6C7CE48A92D /* Pods-ProjectBModule.release.xcconfig */ = {isa = PBXFileReference; includeInIndex = 1; lastKnownFileType = text.xcconfig; name = "Pods-ProjectBModule.release.xcconfig"; path = "Target Support Files/Pods-ProjectBModule/Pods-ProjectBModule.release.xcconfig"; sourceTree = "<group>"; };
		E5C275078A1715DC2B94B4E5 /* libPods-ProjectBModule.a */ = {isa = PBXFileReference; explicitFileType = archive.ar; includeInIndex = 0; path = "libPods-ProjectBModule.a"; sourceTree = BUILT_PRODUCTS_DIR; };
		FDDFAF6A25F7883E00D8A8E0 /* ProjectBModule.framework */ = {isa = PBXFileReference; explicitFileType = wrapper.framework; includeInIndex = 0; path = ProjectBModule.framework; sourceTree = BUILT_PRODUCTS_DIR; };
		FDDFAF6D25F7883E00D8A8E0 /* ProjectBModule.h */ = {isa = PBXFileReference; lastKnownFileType = sourcecode.c.h; path = ProjectBModule.h; sourceTree = "<group>"; };
		FDDFAF6E25F7883E00D8A8E0 /* Info.plist */ = {isa = PBXFileReference; lastKnownFileType = text.plist.xml; path = Info.plist; sourceTree = "<group>"; };
		FDDFAF7325F7883E00D8A8E0 /* ProjectBModuleTests.xctest */ = {isa = PBXFileReference; explicitFileType = wrapper.cfbundle; includeInIndex = 0; path = ProjectBModuleTests.xctest; sourceTree = BUILT_PRODUCTS_DIR; };
		FDDFAF8D25F7887500D8A8E0 /* ViewController.swift */ = {isa = PBXFileReference; lastKnownFileType = sourcecode.swift; path = ViewController.swift; sourceTree = "<group>"; };
		FDDFAF9125F7888100D8A8E0 /* Master.storyboard */ = {isa = PBXFileReference; lastKnownFileType = file.storyboard; path = Master.storyboard; sourceTree = "<group>"; };
		FDDFAF9525F788BF00D8A8E0 /* ProjectBModuleDelegate.swift */ = {isa = PBXFileReference; lastKnownFileType = sourcecode.swift; path = ProjectBModuleDelegate.swift; sourceTree = "<group>"; };
		FDDFAFAF25F78AE800D8A8E0 /* ProjectBModuleConnector.swift */ = {isa = PBXFileReference; lastKnownFileType = sourcecode.swift; path = ProjectBModuleConnector.swift; sourceTree = "<group>"; };
/* End PBXFileReference section */

/* Begin PBXFrameworksBuildPhase section */
		FDDFAF6725F7883E00D8A8E0 /* Frameworks */ = {
			isa = PBXFrameworksBuildPhase;
			buildActionMask = 2147483647;
			files = (
				A465B980E93493B4D14A6311 /* libPods-ProjectBModule.a in Frameworks */,
			);
			runOnlyForDeploymentPostprocessing = 0;
		};
		FDDFAF7025F7883E00D8A8E0 /* Frameworks */ = {
			isa = PBXFrameworksBuildPhase;
			buildActionMask = 2147483647;
			files = (
				FDDFAF7425F7883E00D8A8E0 /* ProjectBModule.framework in Frameworks */,
			);
			runOnlyForDeploymentPostprocessing = 0;
		};
/* End PBXFrameworksBuildPhase section */

/* Begin PBXGroup section */
		65D0358AEF73B88AB4B8E7DD /* Frameworks */ = {
			isa = PBXGroup;
			children = (
				E5C275078A1715DC2B94B4E5 /* libPods-ProjectBModule.a */,
			);
			name = Frameworks;
			sourceTree = "<group>";
		};
		B04717993CB2AA96273AE9F7 /* Pods */ = {
			isa = PBXGroup;
			children = (
				44F85124EF538B58C23FC84A /* Pods-ProjectBModule.debug.xcconfig */,
				CA90B96E3FB6E6C7CE48A92D /* Pods-ProjectBModule.release.xcconfig */,
			);
			name = Pods;
			path = ../../Pods;
			sourceTree = "<group>";
		};
		FDDFAF6025F7883E00D8A8E0 = {
			isa = PBXGroup;
			children = (
				FDDFAF6C25F7883E00D8A8E0 /* ProjectBModule */,
				FDDFAF6B25F7883E00D8A8E0 /* Products */,
				B04717993CB2AA96273AE9F7 /* Pods */,
				65D0358AEF73B88AB4B8E7DD /* Frameworks */,
			);
			sourceTree = "<group>";
		};
		FDDFAF6B25F7883E00D8A8E0 /* Products */ = {
			isa = PBXGroup;
			children = (
				FDDFAF6A25F7883E00D8A8E0 /* ProjectBModule.framework */,
				FDDFAF7325F7883E00D8A8E0 /* ProjectBModuleTests.xctest */,
			);
			name = Products;
			sourceTree = "<group>";
		};
		FDDFAF6C25F7883E00D8A8E0 /* ProjectBModule */ = {
			isa = PBXGroup;
			children = (
				FDDFAF6D25F7883E00D8A8E0 /* ProjectBModule.h */,
				FDDFAF6E25F7883E00D8A8E0 /* Info.plist */,
				FDDFAF8D25F7887500D8A8E0 /* ViewController.swift */,
				FDDFAF9125F7888100D8A8E0 /* Master.storyboard */,
				FDDFAF9525F788BF00D8A8E0 /* ProjectBModuleDelegate.swift */,
				FDDFAFAF25F78AE800D8A8E0 /* ProjectBModuleConnector.swift */,
			);
			path = ProjectBModule;
			sourceTree = "<group>";
		};
/* End PBXGroup section */

/* Begin PBXHeadersBuildPhase section */
		FDDFAF6525F7883E00D8A8E0 /* Headers */ = {
			isa = PBXHeadersBuildPhase;
			buildActionMask = 2147483647;
			files = (
				FDDFAF7B25F7883E00D8A8E0 /* ProjectBModule.h in Headers */,
			);
			runOnlyForDeploymentPostprocessing = 0;
		};
/* End PBXHeadersBuildPhase section */

/* Begin PBXNativeTarget section */
		FDDFAF6925F7883E00D8A8E0 /* ProjectBModule */ = {
			isa = PBXNativeTarget;
			buildConfigurationList = FDDFAF7E25F7883E00D8A8E0 /* Build configuration list for PBXNativeTarget "ProjectBModule" */;
			buildPhases = (
				738E8D63CFD4545D3EF4AF04 /* [CP] Check Pods Manifest.lock */,
				FDDFAF6525F7883E00D8A8E0 /* Headers */,
				FDDFAF6625F7883E00D8A8E0 /* Sources */,
				FDDFAF6725F7883E00D8A8E0 /* Frameworks */,
				FDDFAF6825F7883E00D8A8E0 /* Resources */,
			);
			buildRules = (
			);
			dependencies = (
			);
			name = ProjectBModule;
			productName = ProjectBModule;
			productReference = FDDFAF6A25F7883E00D8A8E0 /* ProjectBModule.framework */;
			productType = "com.apple.product-type.framework";
		};
		FDDFAF7225F7883E00D8A8E0 /* ProjectBModuleTests */ = {
			isa = PBXNativeTarget;
			buildConfigurationList = FDDFAF8125F7883E00D8A8E0 /* Build configuration list for PBXNativeTarget "ProjectBModuleTests" */;
			buildPhases = (
				FDDFAF6F25F7883E00D8A8E0 /* Sources */,
				FDDFAF7025F7883E00D8A8E0 /* Frameworks */,
				FDDFAF7125F7883E00D8A8E0 /* Resources */,
			);
			buildRules = (
			);
			dependencies = (
				FDDFAF7625F7883E00D8A8E0 /* PBXTargetDependency */,
			);
			name = ProjectBModuleTests;
			productName = ProjectBModuleTests;
			productReference = FDDFAF7325F7883E00D8A8E0 /* ProjectBModuleTests.xctest */;
			productType = "com.apple.product-type.bundle.unit-test";
		};
/* End PBXNativeTarget section */

/* Begin PBXProject section */
		FDDFAF6125F7883E00D8A8E0 /* Project object */ = {
			isa = PBXProject;
			attributes = {
				LastSwiftUpdateCheck = 1240;
				LastUpgradeCheck = 1240;
				TargetAttributes = {
					FDDFAF6925F7883E00D8A8E0 = {
						CreatedOnToolsVersion = 12.4;
						LastSwiftMigration = 1240;
					};
					FDDFAF7225F7883E00D8A8E0 = {
						CreatedOnToolsVersion = 12.4;
					};
				};
			};
			buildConfigurationList = FDDFAF6425F7883E00D8A8E0 /* Build configuration list for PBXProject "ProjectBModule" */;
			compatibilityVersion = "Xcode 9.3";
			developmentRegion = en;
			hasScannedForEncodings = 0;
			knownRegions = (
				en,
				Base,
			);
			mainGroup = FDDFAF6025F7883E00D8A8E0;
			productRefGroup = FDDFAF6B25F7883E00D8A8E0 /* Products */;
			projectDirPath = "";
			projectRoot = "";
			targets = (
				FDDFAF6925F7883E00D8A8E0 /* ProjectBModule */,
				FDDFAF7225F7883E00D8A8E0 /* ProjectBModuleTests */,
			);
		};
/* End PBXProject section */

/* Begin PBXResourcesBuildPhase section */
		FDDFAF6825F7883E00D8A8E0 /* Resources */ = {
			isa = PBXResourcesBuildPhase;
			buildActionMask = 2147483647;
			files = (
				FDDFAF9225F7888100D8A8E0 /* Master.storyboard in Resources */,
			);
			runOnlyForDeploymentPostprocessing = 0;
		};
		FDDFAF7125F7883E00D8A8E0 /* Resources */ = {
			isa = PBXResourcesBuildPhase;
			buildActionMask = 2147483647;
			files = (
			);
			runOnlyForDeploymentPostprocessing = 0;
		};
/* End PBXResourcesBuildPhase section */

/* Begin PBXShellScriptBuildPhase section */
		738E8D63CFD4545D3EF4AF04 /* [CP] Check Pods Manifest.lock */ = {
			isa = PBXShellScriptBuildPhase;
			buildActionMask = 2147483647;
			files = (
			);
			inputFileListPaths = (
			);
			inputPaths = (
				"${PODS_PODFILE_DIR_PATH}/Podfile.lock",
				"${PODS_ROOT}/Manifest.lock",
			);
			name = "[CP] Check Pods Manifest.lock";
			outputFileListPaths = (
			);
			outputPaths = (
				"$(DERIVED_FILE_DIR)/Pods-ProjectBModule-checkManifestLockResult.txt",
			);
			runOnlyForDeploymentPostprocessing = 0;
			shellPath = /bin/sh;
			shellScript = "diff \"${PODS_PODFILE_DIR_PATH}/Podfile.lock\" \"${PODS_ROOT}/Manifest.lock\" > /dev/null\nif [ $? != 0 ] ; then\n    # print error to STDERR\n    echo \"error: The sandbox is not in sync with the Podfile.lock. Run 'pod install' or update your CocoaPods installation.\" >&2\n    exit 1\nfi\n# This output is used by Xcode 'outputs' to avoid re-running this script phase.\necho \"SUCCESS\" > \"${SCRIPT_OUTPUT_FILE_0}\"\n";
			showEnvVarsInLog = 0;
		};
/* End PBXShellScriptBuildPhase section */

/* Begin PBXSourcesBuildPhase section */
		FDDFAF6625F7883E00D8A8E0 /* Sources */ = {
			isa = PBXSourcesBuildPhase;
			buildActionMask = 2147483647;
			files = (
				FDDFAFB025F78AE800D8A8E0 /* ProjectBModuleConnector.swift in Sources */,
				FDDFAF8E25F7887500D8A8E0 /* ViewController.swift in Sources */,
				FDDFAF9625F788BF00D8A8E0 /* ProjectBModuleDelegate.swift in Sources */,
			);
			runOnlyForDeploymentPostprocessing = 0;
		};
		FDDFAF6F25F7883E00D8A8E0 /* Sources */ = {
			isa = PBXSourcesBuildPhase;
			buildActionMask = 2147483647;
			files = (
			);
			runOnlyForDeploymentPostprocessing = 0;
		};
/* End PBXSourcesBuildPhase section */

/* Begin PBXTargetDependency section */
		FDDFAF7625F7883E00D8A8E0 /* PBXTargetDependency */ = {
			isa = PBXTargetDependency;
			target = FDDFAF6925F7883E00D8A8E0 /* ProjectBModule */;
			targetProxy = FDDFAF7525F7883E00D8A8E0 /* PBXContainerItemProxy */;
		};
/* End PBXTargetDependency section */

/* Begin XCBuildConfiguration section */
		FDDFAF7C25F7883E00D8A8E0 /* Debug */ = {
			isa = XCBuildConfiguration;
			buildSettings = {
				ALWAYS_SEARCH_USER_PATHS = NO;
				CLANG_ANALYZER_NONNULL = YES;
				CLANG_ANALYZER_NUMBER_OBJECT_CONVERSION = YES_AGGRESSIVE;
				CLANG_CXX_LANGUAGE_STANDARD = "gnu++14";
				CLANG_CXX_LIBRARY = "libc++";
				CLANG_ENABLE_MODULES = YES;
				CLANG_ENABLE_OBJC_ARC = YES;
				CLANG_ENABLE_OBJC_WEAK = YES;
				CLANG_WARN_BLOCK_CAPTURE_AUTORELEASING = YES;
				CLANG_WARN_BOOL_CONVERSION = YES;
				CLANG_WARN_COMMA = YES;
				CLANG_WARN_CONSTANT_CONVERSION = YES;
				CLANG_WARN_DEPRECATED_OBJC_IMPLEMENTATIONS = YES;
				CLANG_WARN_DIRECT_OBJC_ISA_USAGE = YES_ERROR;
				CLANG_WARN_DOCUMENTATION_COMMENTS = YES;
				CLANG_WARN_EMPTY_BODY = YES;
				CLANG_WARN_ENUM_CONVERSION = YES;
				CLANG_WARN_INFINITE_RECURSION = YES;
				CLANG_WARN_INT_CONVERSION = YES;
				CLANG_WARN_NON_LITERAL_NULL_CONVERSION = YES;
				CLANG_WARN_OBJC_IMPLICIT_RETAIN_SELF = YES;
				CLANG_WARN_OBJC_LITERAL_CONVERSION = YES;
				CLANG_WARN_OBJC_ROOT_CLASS = YES_ERROR;
				CLANG_WARN_QUOTED_INCLUDE_IN_FRAMEWORK_HEADER = YES;
				CLANG_WARN_RANGE_LOOP_ANALYSIS = YES;
				CLANG_WARN_STRICT_PROTOTYPES = YES;
				CLANG_WARN_SUSPICIOUS_MOVE = YES;
				CLANG_WARN_UNGUARDED_AVAILABILITY = YES_AGGRESSIVE;
				CLANG_WARN_UNREACHABLE_CODE = YES;
				CLANG_WARN__DUPLICATE_METHOD_MATCH = YES;
				COPY_PHASE_STRIP = NO;
				CURRENT_PROJECT_VERSION = 1;
				DEBUG_INFORMATION_FORMAT = dwarf;
				ENABLE_STRICT_OBJC_MSGSEND = YES;
				ENABLE_TESTABILITY = YES;
				GCC_C_LANGUAGE_STANDARD = gnu11;
				GCC_DYNAMIC_NO_PIC = NO;
				GCC_NO_COMMON_BLOCKS = YES;
				GCC_OPTIMIZATION_LEVEL = 0;
				GCC_PREPROCESSOR_DEFINITIONS = (
					"DEBUG=1",
					"$(inherited)",
				);
				GCC_WARN_64_TO_32_BIT_CONVERSION = YES;
				GCC_WARN_ABOUT_RETURN_TYPE = YES_ERROR;
				GCC_WARN_UNDECLARED_SELECTOR = YES;
				GCC_WARN_UNINITIALIZED_AUTOS = YES_AGGRESSIVE;
				GCC_WARN_UNUSED_FUNCTION = YES;
				GCC_WARN_UNUSED_VARIABLE = YES;
				IPHONEOS_DEPLOYMENT_TARGET = 12.3;
				MTL_ENABLE_DEBUG_INFO = INCLUDE_SOURCE;
				MTL_FAST_MATH = YES;
				ONLY_ACTIVE_ARCH = YES;
				SDKROOT = iphoneos;
				SWIFT_ACTIVE_COMPILATION_CONDITIONS = DEBUG;
				SWIFT_OPTIMIZATION_LEVEL = "-Onone";
				VERSIONING_SYSTEM = "apple-generic";
				VERSION_INFO_PREFIX = "";
			};
			name = Debug;
		};
		FDDFAF7D25F7883E00D8A8E0 /* Release */ = {
			isa = XCBuildConfiguration;
			buildSettings = {
				ALWAYS_SEARCH_USER_PATHS = NO;
				CLANG_ANALYZER_NONNULL = YES;
				CLANG_ANALYZER_NUMBER_OBJECT_CONVERSION = YES_AGGRESSIVE;
				CLANG_CXX_LANGUAGE_STANDARD = "gnu++14";
				CLANG_CXX_LIBRARY = "libc++";
				CLANG_ENABLE_MODULES = YES;
				CLANG_ENABLE_OBJC_ARC = YES;
				CLANG_ENABLE_OBJC_WEAK = YES;
				CLANG_WARN_BLOCK_CAPTURE_AUTORELEASING = YES;
				CLANG_WARN_BOOL_CONVERSION = YES;
				CLANG_WARN_COMMA = YES;
				CLANG_WARN_CONSTANT_CONVERSION = YES;
				CLANG_WARN_DEPRECATED_OBJC_IMPLEMENTATIONS = YES;
				CLANG_WARN_DIRECT_OBJC_ISA_USAGE = YES_ERROR;
				CLANG_WARN_DOCUMENTATION_COMMENTS = YES;
				CLANG_WARN_EMPTY_BODY = YES;
				CLANG_WARN_ENUM_CONVERSION = YES;
				CLANG_WARN_INFINITE_RECURSION = YES;
				CLANG_WARN_INT_CONVERSION = YES;
				CLANG_WARN_NON_LITERAL_NULL_CONVERSION = YES;
				CLANG_WARN_OBJC_IMPLICIT_RETAIN_SELF = YES;
				CLANG_WARN_OBJC_LITERAL_CONVERSION = YES;
				CLANG_WARN_OBJC_ROOT_CLASS = YES_ERROR;
				CLANG_WARN_QUOTED_INCLUDE_IN_FRAMEWORK_HEADER = YES;
				CLANG_WARN_RANGE_LOOP_ANALYSIS = YES;
				CLANG_WARN_STRICT_PROTOTYPES = YES;
				CLANG_WARN_SUSPICIOUS_MOVE = YES;
				CLANG_WARN_UNGUARDED_AVAILABILITY = YES_AGGRESSIVE;
				CLANG_WARN_UNREACHABLE_CODE = YES;
				CLANG_WARN__DUPLICATE_METHOD_MATCH = YES;
				COPY_PHASE_STRIP = NO;
				CURRENT_PROJECT_VERSION = 1;
				DEBUG_INFORMATION_FORMAT = "dwarf-with-dsym";
				ENABLE_NS_ASSERTIONS = NO;
				ENABLE_STRICT_OBJC_MSGSEND = YES;
				GCC_C_LANGUAGE_STANDARD = gnu11;
				GCC_NO_COMMON_BLOCKS = YES;
				GCC_WARN_64_TO_32_BIT_CONVERSION = YES;
				GCC_WARN_ABOUT_RETURN_TYPE = YES_ERROR;
				GCC_WARN_UNDECLARED_SELECTOR = YES;
				GCC_WARN_UNINITIALIZED_AUTOS = YES_AGGRESSIVE;
				GCC_WARN_UNUSED_FUNCTION = YES;
				GCC_WARN_UNUSED_VARIABLE = YES;
				IPHONEOS_DEPLOYMENT_TARGET = 12.3;
				MTL_ENABLE_DEBUG_INFO = NO;
				MTL_FAST_MATH = YES;
				SDKROOT = iphoneos;
				SWIFT_COMPILATION_MODE = wholemodule;
				SWIFT_OPTIMIZATION_LEVEL = "-O";
				VALIDATE_PRODUCT = YES;
				VERSIONING_SYSTEM = "apple-generic";
				VERSION_INFO_PREFIX = "";
			};
			name = Release;
		};
		FDDFAF7F25F7883E00D8A8E0 /* Debug */ = {
			isa = XCBuildConfiguration;
			baseConfigurationReference = 44F85124EF538B58C23FC84A /* Pods-ProjectBModule.debug.xcconfig */;
			buildSettings = {
				CLANG_ENABLE_MODULES = YES;
				CODE_SIGN_STYLE = Automatic;
				DEFINES_MODULE = YES;
				DEVELOPMENT_TEAM = RH4ADBYDUN;
				DYLIB_COMPATIBILITY_VERSION = 1;
				DYLIB_CURRENT_VERSION = 1;
				DYLIB_INSTALL_NAME_BASE = "@rpath";
				INFOPLIST_FILE = ProjectBModule/Info.plist;
				INSTALL_PATH = "$(LOCAL_LIBRARY_DIR)/Frameworks";
				LD_RUNPATH_SEARCH_PATHS = (
					"$(inherited)",
					"@executable_path/Frameworks",
					"@loader_path/Frameworks",
				);
				PRODUCT_BUNDLE_IDENTIFIER = test.ProjectBModule;
				PRODUCT_NAME = "$(TARGET_NAME:c99extidentifier)";
				SKIP_INSTALL = YES;
				SWIFT_OPTIMIZATION_LEVEL = "-Onone";
				SWIFT_VERSION = 5.0;
				TARGETED_DEVICE_FAMILY = "1,2";
			};
			name = Debug;
		};
		FDDFAF8025F7883E00D8A8E0 /* Release */ = {
			isa = XCBuildConfiguration;
			baseConfigurationReference = CA90B96E3FB6E6C7CE48A92D /* Pods-ProjectBModule.release.xcconfig */;
			buildSettings = {
				CLANG_ENABLE_MODULES = YES;
				CODE_SIGN_STYLE = Automatic;
				DEFINES_MODULE = YES;
				DEVELOPMENT_TEAM = RH4ADBYDUN;
				DYLIB_COMPATIBILITY_VERSION = 1;
				DYLIB_CURRENT_VERSION = 1;
				DYLIB_INSTALL_NAME_BASE = "@rpath";
				INFOPLIST_FILE = ProjectBModule/Info.plist;
				INSTALL_PATH = "$(LOCAL_LIBRARY_DIR)/Frameworks";
				LD_RUNPATH_SEARCH_PATHS = (
					"$(inherited)",
					"@executable_path/Frameworks",
					"@loader_path/Frameworks",
				);
				PRODUCT_BUNDLE_IDENTIFIER = test.ProjectBModule;
				PRODUCT_NAME = "$(TARGET_NAME:c99extidentifier)";
				SKIP_INSTALL = YES;
				SWIFT_VERSION = 5.0;
				TARGETED_DEVICE_FAMILY = "1,2";
			};
			name = Release;
		};
		FDDFAF8225F7883E00D8A8E0 /* Debug */ = {
			isa = XCBuildConfiguration;
			buildSettings = {
				ALWAYS_EMBED_SWIFT_STANDARD_LIBRARIES = YES;
				CODE_SIGN_STYLE = Automatic;
				DEVELOPMENT_TEAM = RH4ADBYDUN;
				INFOPLIST_FILE = ProjectBModuleTests/Info.plist;
				LD_RUNPATH_SEARCH_PATHS = (
					"$(inherited)",
					"@executable_path/Frameworks",
					"@loader_path/Frameworks",
				);
				PRODUCT_BUNDLE_IDENTIFIER = test.ProjectBModuleTests;
				PRODUCT_NAME = "$(TARGET_NAME)";
				SWIFT_VERSION = 5.0;
				TARGETED_DEVICE_FAMILY = "1,2";
			};
			name = Debug;
		};
		FDDFAF8325F7883E00D8A8E0 /* Release */ = {
			isa = XCBuildConfiguration;
			buildSettings = {
				ALWAYS_EMBED_SWIFT_STANDARD_LIBRARIES = YES;
				CODE_SIGN_STYLE = Automatic;
				DEVELOPMENT_TEAM = RH4ADBYDUN;
				INFOPLIST_FILE = ProjectBModuleTests/Info.plist;
				LD_RUNPATH_SEARCH_PATHS = (
					"$(inherited)",
					"@executable_path/Frameworks",
					"@loader_path/Frameworks",
				);
				PRODUCT_BUNDLE_IDENTIFIER = test.ProjectBModuleTests;
				PRODUCT_NAME = "$(TARGET_NAME)";
				SWIFT_VERSION = 5.0;
				TARGETED_DEVICE_FAMILY = "1,2";
			};
			name = Release;
		};
/* End XCBuildConfiguration section */

/* Begin XCConfigurationList section */
		FDDFAF6425F7883E00D8A8E0 /* Build configuration list for PBXProject "ProjectBModule" */ = {
			isa = XCConfigurationList;
			buildConfigurations = (
				FDDFAF7C25F7883E00D8A8E0 /* Debug */,
				FDDFAF7D25F7883E00D8A8E0 /* Release */,
			);
			defaultConfigurationIsVisible = 0;
			defaultConfigurationName = Release;
		};
		FDDFAF7E25F7883E00D8A8E0 /* Build configuration list for PBXNativeTarget "ProjectBModule" */ = {
			isa = XCConfigurationList;
			buildConfigurations = (
				FDDFAF7F25F7883E00D8A8E0 /* Debug */,
				FDDFAF8025F7883E00D8A8E0 /* Release */,
			);
			defaultConfigurationIsVisible = 0;
			defaultConfigurationName = Release;
		};
		FDDFAF8125F7883E00D8A8E0 /* Build configuration list for PBXNativeTarget "ProjectBModuleTests" */ = {
			isa = XCConfigurationList;
			buildConfigurations = (
				FDDFAF8225F7883E00D8A8E0 /* Debug */,
				FDDFAF8325F7883E00D8A8E0 /* Release */,
			);
			defaultConfigurationIsVisible = 0;
			defaultConfigurationName = Release;
		};
/* End XCConfigurationList section */
	};
	rootObject = FDDFAF6125F7883E00D8A8E0 /* Project object */;
}
